
Microsoft Visual Studio Solution File, Format Version 12.00
# Visual Studio Version 16
VisualStudioVersion = 16.0.30011.22
MinimumVisualStudioVersion = 10.0.40219.1
Project("{9A19103F-16F7-4668-BE54-9A1E7A4F7556}") = "RomaniaRoleplay", "RomaniaRoleplay\RomaniaRoleplay.csproj", "{A07E9D53-8B7B-4EBE-80CB-15209E60539C}"
EndProject
Project("{9A19103F-16F7-4668-BE54-9A1E7A4F7556}") = "Domain", "Domain\Domain.csproj", "{973A11AC-E82D-494D-9ACB-CDB87C7BAC55}"
EndProject
Project("{9A19103F-16F7-4668-BE54-9A1E7A4F7556}") = "DataLayer", "DataLayer\DataLayer.csproj", "{746110B9-88C7-4D86-AF3D-FE4CF6D0463B}"
EndProject
Project("{9A19103F-16F7-4668-BE54-9A1E7A4F7556}") = "BusinessLogic", "BusinessLogic\BusinessLogic.csproj", "{241E8251-9BF2-4356-907D-AC3CB00CE6BD}"
EndProject
Project("{9A19103F-16F7-4668-BE54-9A1E7A4F7556}") = "Helper", "Helper\Helper.csproj", "{2D8E0C23-68AA-4C4B-B22B-878C7382B20A}"
EndProject
Project("{9A19103F-16F7-4668-BE54-9A1E7A4F7556}") = "UcpRomaniaRoleplay", "UcpRomaniaRoleplay\UcpRomaniaRoleplay.csproj", "{BA8417D3-C8D1-4C73-A949-38A1547185E3}"
EndProject
Global
	GlobalSection(SolutionConfigurationPlatforms) = preSolution
		Debug|Any CPU = Debug|Any CPU
		Debug|x64 = Debug|x64
		Release|Any CPU = Release|Any CPU
		Release|x64 = Release|x64
	EndGlobalSection
	GlobalSection(ProjectConfigurationPlatforms) = postSolution
		{A07E9D53-8B7B-4EBE-80CB-15209E60539C}.Debug|Any CPU.ActiveCfg = Debug|x64
		{A07E9D53-8B7B-4EBE-80CB-15209E60539C}.Debug|Any CPU.Build.0 = Debug|x64
		{A07E9D53-8B7B-4EBE-80CB-15209E60539C}.Debug|x64.ActiveCfg = Debug|x64
		{A07E9D53-8B7B-4EBE-80CB-15209E60539C}.Debug|x64.Build.0 = Debug|x64
		{A07E9D53-8B7B-4EBE-80CB-15209E60539C}.Release|Any CPU.ActiveCfg = Release|x64
		{A07E9D53-8B7B-4EBE-80CB-15209E60539C}.Release|Any CPU.Build.0 = Release|x64
		{A07E9D53-8B7B-4EBE-80CB-15209E60539C}.Release|x64.ActiveCfg = Release|x64
		{A07E9D53-8B7B-4EBE-80CB-15209E60539C}.Release|x64.Build.0 = Release|x64
		{973A11AC-E82D-494D-9ACB-CDB87C7BAC55}.Debug|Any CPU.ActiveCfg = Debug|x64
		{973A11AC-E82D-494D-9ACB-CDB87C7BAC55}.Debug|Any CPU.Build.0 = Debug|x64
		{973A11AC-E82D-494D-9ACB-CDB87C7BAC55}.Debug|x64.ActiveCfg = Debug|x64
		{973A11AC-E82D-494D-9ACB-CDB87C7BAC55}.Debug|x64.Build.0 = Debug|x64
		{973A11AC-E82D-494D-9ACB-CDB87C7BAC55}.Release|Any CPU.ActiveCfg = Release|x64
		{973A11AC-E82D-494D-9ACB-CDB87C7BAC55}.Release|Any CPU.Build.0 = Release|x64
		{973A11AC-E82D-494D-9ACB-CDB87C7BAC55}.Release|x64.ActiveCfg = Release|x64
		{973A11AC-E82D-494D-9ACB-CDB87C7BAC55}.Release|x64.Build.0 = Release|x64
		{746110B9-88C7-4D86-AF3D-FE4CF6D0463B}.Debug|Any CPU.ActiveCfg = Debug|x64
		{746110B9-88C7-4D86-AF3D-FE4CF6D0463B}.Debug|Any CPU.Build.0 = Debug|x64
		{746110B9-88C7-4D86-AF3D-FE4CF6D0463B}.Debug|x64.ActiveCfg = Debug|x64
		{746110B9-88C7-4D86-AF3D-FE4CF6D0463B}.Debug|x64.Build.0 = Debug|x64
		{746110B9-88C7-4D86-AF3D-FE4CF6D0463B}.Release|Any CPU.ActiveCfg = Release|x64
		{746110B9-88C7-4D86-AF3D-FE4CF6D0463B}.Release|Any CPU.Build.0 = Release|x64
		{746110B9-88C7-4D86-AF3D-FE4CF6D0463B}.Release|x64.ActiveCfg = Release|x64
		{746110B9-88C7-4D86-AF3D-FE4CF6D0463B}.Release|x64.Build.0 = Release|x64
		{241E8251-9BF2-4356-907D-AC3CB00CE6BD}.Debug|Any CPU.ActiveCfg = Debug|x64
		{241E8251-9BF2-4356-907D-AC3CB00CE6BD}.Debug|Any CPU.Build.0 = Debug|x64
		{241E8251-9BF2-4356-907D-AC3CB00CE6BD}.Debug|x64.ActiveCfg = Debug|x64
		{241E8251-9BF2-4356-907D-AC3CB00CE6BD}.Debug|x64.Build.0 = Debug|x64
		{241E8251-9BF2-4356-907D-AC3CB00CE6BD}.Release|Any CPU.ActiveCfg = Release|x64
		{241E8251-9BF2-4356-907D-AC3CB00CE6BD}.Release|Any CPU.Build.0 = Release|x64
		{241E8251-9BF2-4356-907D-AC3CB00CE6BD}.Release|x64.ActiveCfg = Release|x64
		{241E8251-9BF2-4356-907D-AC3CB00CE6BD}.Release|x64.Build.0 = Release|x64
		{2D8E0C23-68AA-4C4B-B22B-878C7382B20A}.Debug|Any CPU.ActiveCfg = Debug|x64
		{2D8E0C23-68AA-4C4B-B22B-878C7382B20A}.Debug|Any CPU.Build.0 = Debug|x64
		{2D8E0C23-68AA-4C4B-B22B-878C7382B20A}.Debug|x64.ActiveCfg = Debug|x64
		{2D8E0C23-68AA-4C4B-B22B-878C7382B20A}.Debug|x64.Build.0 = Debug|x64
		{2D8E0C23-68AA-4C4B-B22B-878C7382B20A}.Release|Any CPU.ActiveCfg = Release|x64
		{2D8E0C23-68AA-4C4B-B22B-878C7382B20A}.Release|Any CPU.Build.0 = Release|x64
		{2D8E0C23-68AA-4C4B-B22B-878C7382B20A}.Release|x64.ActiveCfg = Release|x64
		{2D8E0C23-68AA-4C4B-B22B-878C7382B20A}.Release|x64.Build.0 = Release|x64
		{BA8417D3-C8D1-4C73-A949-38A1547185E3}.Debug|Any CPU.ActiveCfg = Debug|x64
		{BA8417D3-C8D1-4C73-A949-38A1547185E3}.Debug|Any CPU.Build.0 = Debug|x64
		{BA8417D3-C8D1-4C73-A949-38A1547185E3}.Debug|x64.ActiveCfg = Debug|x64
		{BA8417D3-C8D1-4C73-A949-38A1547185E3}.Debug|x64.Build.0 = Debug|x64
		{BA8417D3-C8D1-4C73-A949-38A1547185E3}.Release|Any CPU.ActiveCfg = Release|x64
		{BA8417D3-C8D1-4C73-A949-38A1547185E3}.Release|Any CPU.Build.0 = Release|x64
		{BA8417D3-C8D1-4C73-A949-38A1547185E3}.Release|x64.ActiveCfg = Release|x64
		{BA8417D3-C8D1-4C73-A949-38A1547185E3}.Release|x64.Build.0 = Release|x64
	EndGlobalSection
	GlobalSection(SolutionProperties) = preSolution
		HideSolutionNode = FALSE
	EndGlobalSection
	GlobalSection(ExtensibilityGlobals) = postSolution
		SolutionGuid = {69F13BE4-68D3-44FD-9E00-CBE44369AD41}
	EndGlobalSection
EndGlobal
